
Microsoft Visual Studio Solution File, Format Version 12.00
# Visual Studio Version 16
VisualStudioVersion = 16.0.30816.121
MinimumVisualStudioVersion = 10.0.40219.1
Project("{FAE04EC0-301F-11D3-BF4B-00C04F79EFBC}") = "Hakuna Matata", "Hakuna Matata\Hakuna Matata.csproj", "{00614A78-AD2D-461B-B064-D04879AE061D}"
EndProject
Global
	GlobalSection(SolutionConfigurationPlatforms) = preSolution
		Debug|Any CPU = Debug|Any CPU
		Release|Any CPU = Release|Any CPU
	EndGlobalSection
	GlobalSection(ProjectConfigurationPlatforms) = postSolution
		{00614A78-AD2D-461B-B064-D04879AE061D}.Debug|Any CPU.ActiveCfg = Debug|Any CPU
		{00614A78-AD2D-461B-B064-D04879AE061D}.Debug|Any CPU.Build.0 = Debug|Any CPU
		{00614A78-AD2D-461B-B064-D04879AE061D}.Release|Any CPU.ActiveCfg = Release|Any CPU
		{00614A78-AD2D-461B-B064-D04879AE061D}.Release|Any CPU.Build.0 = Release|Any CPU
	EndGlobalSection
	GlobalSection(SolutionProperties) = preSolution
		HideSolutionNode = FALSE
	EndGlobalSection
	GlobalSection(ExtensibilityGlobals) = postSolution
		SolutionGuid = {1D107D01-FEA7-4EAE-AFEA-6DB6D38A6B5D}
	EndGlobalSection
EndGlobal
